Microsoft Visual Studio Solution File, Format Version 8.00
Project("{8BC9CEB8-8B4A-11D0-8D11-00A0C91BC942}") = "XMLParser", "XMLParser.vcproj", "{962C9DA2-3A05-4E86-B109-20362C97AFC7}"
	ProjectSection(ProjectDependencies) = postProject
	EndProjectSection
EndProject
Global
	GlobalSection(SolutionConfiguration) = preSolution
		Debug = Debug
		Release = Release
	EndGlobalSection
	GlobalSection(ProjectConfiguration) = postSolution
		{962C9DA2-3A05-4E86-B109-20362C97AFC7}.Debug.ActiveCfg = Debug|Win32
		{962C9DA2-3A05-4E86-B109-20362C97AFC7}.Debug.Build.0 = Debug|Win32
		{962C9DA2-3A05-4E86-B109-20362C97AFC7}.Release.ActiveCfg = Release|Win32
		{962C9DA2-3A05-4E86-B109-20362C97AFC7}.Release.Build.0 = Release|Win32
	EndGlobalSection
	GlobalSection(ExtensibilityGlobals) = postSolution
	EndGlobalSection
	GlobalSection(ExtensibilityAddIns) = postSolution
	EndGlobalSection
EndGlobal
